
Microsoft Visual Studio Solution File, Format Version 11.00
# Visual Studio 2010
Project("{FAE04EC0-301F-11D3-BF4B-00C04F79EFBC}") = "IndustrialDeviceManager", "IndustrialDeviceManager\IndustrialDeviceManager.csproj", "{085DF4E2-9F19-4C62-AB6B-6ED43EF9EA26}"
EndProject
Global
	GlobalSection(SolutionConfigurationPlatforms) = preSolution
		Debug|x86 = Debug|x86
		Release|x86 = Release|x86
	EndGlobalSection
	GlobalSection(ProjectConfigurationPlatforms) = postSolution
		{085DF4E2-9F19-4C62-AB6B-6ED43EF9EA26}.Debug|x86.ActiveCfg = Debug|x86
		{085DF4E2-9F19-4C62-AB6B-6ED43EF9EA26}.Debug|x86.Build.0 = Debug|x86
		{085DF4E2-9F19-4C62-AB6B-6ED43EF9EA26}.Release|x86.ActiveCfg = Release|x86
		{085DF4E2-9F19-4C62-AB6B-6ED43EF9EA26}.Release|x86.Build.0 = Release|x86
	EndGlobalSection
	GlobalSection(SolutionProperties) = preSolution
		HideSolutionNode = FALSE
	EndGlobalSection
EndGlobal
